
Microsoft Visual Studio Solution File, Format Version 12.00
# Visual Studio Version 17
VisualStudioVersion = 17.10.35201.131
MinimumVisualStudioVersion = 10.0.40219.1
Project("{FAE04EC0-301F-11D3-BF4B-00C04F79EFBC}") = "FinalProjectWPF", "FinalProjectWPF.csproj", "{72A7993A-A961-4E37-B9D4-B3CC7F26EDAA}"
EndProject
Global
	GlobalSection(SolutionConfigurationPlatforms) = preSolution
		Debug|Any CPU = Debug|Any CPU
		Release|Any CPU = Release|Any CPU
	EndGlobalSection
	GlobalSection(ProjectConfigurationPlatforms) = postSolution
		{72A7993A-A961-4E37-B9D4-B3CC7F26EDAA}.Debug|Any CPU.ActiveCfg = Debug|Any CPU
		{72A7993A-A961-4E37-B9D4-B3CC7F26EDAA}.Debug|Any CPU.Build.0 = Debug|Any CPU
		{72A7993A-A961-4E37-B9D4-B3CC7F26EDAA}.Release|Any CPU.ActiveCfg = Release|Any CPU
		{72A7993A-A961-4E37-B9D4-B3CC7F26EDAA}.Release|Any CPU.Build.0 = Release|Any CPU
	EndGlobalSection
	GlobalSection(SolutionProperties) = preSolution
		HideSolutionNode = FALSE
	EndGlobalSection
	GlobalSection(ExtensibilityGlobals) = postSolution
		SolutionGuid = {247368A8-A9E1-4757-B730-7D3EE01AD214}
	EndGlobalSection
EndGlobal
